{
  "name": "source-export",
  "version": "0.1.7",
  "lockfileVersion": 1,
  "requires": true,
  "dependencies": {
    "@types/lodash": {
      "version": "4.14.165",
      "resolved": "https://registry.npmjs.org/@types/lodash/-/lodash-4.14.165.tgz",
      "integrity": "sha512-tjSSOTHhI5mCHTy/OOXYIhi2Wt1qcbHmuXD1Ha7q70CgI/I71afO4XtLb/cVexki1oVYchpul/TOuu3Arcdxrg==",
      "dev": true
    },
    "@types/node": {
      "version": "14.14.14",
      "resolved": "https://registry.npmjs.org/@types/node/-/node-14.14.14.tgz",
      "integrity": "sha512-UHnOPWVWV1z+VV8k6L1HhG7UbGBgIdghqF3l9Ny9ApPghbjICXkUJSd/b9gOgQfjM1r+37cipdw/HJ3F6ICEnQ==",
      "dev": true
    },
    "arg": {
      "version": "4.1.3",
      "resolved": "https://registry.npmjs.org/arg/-/arg-4.1.3.tgz",
      "integrity": "sha512-58S9QDqG0Xx27YwPSt9fJxivjYl432YCwfDMfZ+71RAqUrZef7LrKQZ3LHLOwCS4FLNBplP533Zx895SeOCHvA==",
      "dev": true
    },
    "balanced-match": {
      "version": "1.0.0",
      "resolved": "https://registry.npm.taobao.org/balanced-match/download/balanced-match-1.0.0.tgz",
      "integrity": "sha1-ibTRmasr7kneFk6gK4nORi1xt2c="
    },
    "brace-expansion": {
      "version": "1.1.11",
      "resolved": "https://registry.npm.taobao.org/brace-expansion/download/brace-expansion-1.1.11.tgz?cache=0&sync_timestamp=1601898189928&other_urls=https%3A%2F%2Fregistry.npm.taobao.org%2Fbrace-expansion%2Fdownload%2Fbrace-expansion-1.1.11.tgz",
      "integrity": "sha1-PH/L9SnYcibz0vUrlm/1Jx60Qd0=",
      "requires": {
        "balanced-match": "^1.0.0",
        "concat-map": "0.0.1"
      }
    },
    "buffer-from": {
      "version": "1.1.1",
      "resolved": "https://registry.npmjs.org/buffer-from/-/buffer-from-1.1.1.tgz",
      "integrity": "sha512-MQcXEUbCKtEo7bhqEs6560Hyd4XaovZlO/k9V3hjVUF/zwW7KBVdSK4gIt/bzwS9MbR5qob+F5jusZsb0YQK2A==",
      "dev": true
    },
    "colors": {
      "version": "1.4.0",
      "resolved": "https://registry.npmjs.org/colors/-/colors-1.4.0.tgz",
      "integrity": "sha512-a+UqTh4kgZg/SlGvfbzDHpgRu7AAQOmmqRHJnxhRZICKFUT91brVhNNt58CMWU9PsBbv3PDCZUHbVxuDiH2mtA=="
    },
    "commander": {
      "version": "6.2.1",
      "resolved": "https://registry.npmjs.org/commander/-/commander-6.2.1.tgz",
      "integrity": "sha512-U7VdrJFnJgo4xjrHpTzu0yrHPGImdsmD95ZlgYSEajAn2JKzDhDTPG9kBTefmObL2w/ngeZnilk+OV9CG3d7UA=="
    },
    "concat-map": {
      "version": "0.0.1",
      "resolved": "https://registry.npm.taobao.org/concat-map/download/concat-map-0.0.1.tgz",
      "integrity": "sha1-2Klr13/Wjfd5OnMDajug1UBdR3s="
    },
    "create-require": {
      "version": "1.1.1",
      "resolved": "https://registry.npmjs.org/create-require/-/create-require-1.1.1.tgz",
      "integrity": "sha512-dcKFX3jn0MpIaXjisoRvexIJVEKzaq7z2rZKxf+MSr9TkdmHmsU4m2lcLojrj/FHl8mk5VxMmYA+ftRkP/3oKQ==",
      "dev": true
    },
    "diff": {
      "version": "4.0.2",
      "resolved": "https://registry.npmjs.org/diff/-/diff-4.0.2.tgz",
      "integrity": "sha512-58lmxKSA4BNyLz+HHMUzlOEpg09FV+ev6ZMe3vJihgdxzgcwZ8VoEEPmALCZG9LmqfVoNMMKpttIYTVG6uDY7A==",
      "dev": true
    },
    "fs.realpath": {
      "version": "1.0.0",
      "resolved": "https://registry.npm.taobao.org/fs.realpath/download/fs.realpath-1.0.0.tgz",
      "integrity": "sha1-FQStJSMVjKpA20onh8sBQRmU6k8="
    },
    "glob": {
      "version": "7.1.6",
      "resolved": "https://registry.npm.taobao.org/glob/download/glob-7.1.6.tgz?cache=0&sync_timestamp=1573078302562&other_urls=https%3A%2F%2Fregistry.npm.taobao.org%2Fglob%2Fdownload%2Fglob-7.1.6.tgz",
      "integrity": "sha1-FB8zuBp8JJLhJVlDB0gMRmeSeKY=",
      "requires": {
        "fs.realpath": "^1.0.0",
        "inflight": "^1.0.4",
        "inherits": "2",
        "minimatch": "^3.0.4",
        "once": "^1.3.0",
        "path-is-absolute": "^1.0.0"
      }
    },
    "inflight": {
      "version": "1.0.6",
      "resolved": "https://registry.npm.taobao.org/inflight/download/inflight-1.0.6.tgz",
      "integrity": "sha1-Sb1jMdfQLQwJvJEKEHW6gWW1bfk=",
      "requires": {
        "once": "^1.3.0",
        "wrappy": "1"
      }
    },
    "inherits": {
      "version": "2.0.4",
      "resolved": "https://registry.npm.taobao.org/inherits/download/inherits-2.0.4.tgz",
      "integrity": "sha1-D6LGT5MpF8NDOg3tVTY6rjdBa3w="
    },
    "lodash": {
      "version": "4.17.20",
      "resolved": "https://registry.npmjs.org/lodash/-/lodash-4.17.20.tgz",
      "integrity": "sha512-PlhdFcillOINfeV7Ni6oF1TAEayyZBoZ8bcshTHqOYJYlrqzRK5hagpagky5o4HfCzzd1TRkXPMFq6cKk9rGmA=="
    },
    "make-error": {
      "version": "1.3.6",
      "resolved": "https://registry.npmjs.org/make-error/-/make-error-1.3.6.tgz",
      "integrity": "sha512-s8UhlNe7vPKomQhC1qFelMokr/Sc3AgNbso3n74mVPA5LTZwkB9NlXf4XPamLxJE8h0gh73rM94xvwRT2CVInw==",
      "dev": true
    },
    "minimatch": {
      "version": "3.0.4",
      "resolved": "https://registry.npm.taobao.org/minimatch/download/minimatch-3.0.4.tgz",
      "integrity": "sha1-UWbihkV/AzBgZL5Ul+jbsMPTIIM=",
      "requires": {
        "brace-expansion": "^1.1.7"
      }
    },
    "once": {
      "version": "1.4.0",
      "resolved": "https://registry.npm.taobao.org/once/download/once-1.4.0.tgz",
      "integrity": "sha1-WDsap3WWHUsROsF9nFC6753Xa9E=",
      "requires": {
        "wrappy": "1"
      }
    },
    "path-is-absolute": {
      "version": "1.0.1",
      "resolved": "https://registry.npm.taobao.org/path-is-absolute/download/path-is-absolute-1.0.1.tgz",
      "integrity": "sha1-F0uSaHNVNP+8es5r9TpanhtcX18="
    },
    "source-map": {
      "version": "0.6.1",
      "resolved": "https://registry.npmjs.org/source-map/-/source-map-0.6.1.tgz",
      "integrity": "sha512-UjgapumWlbMhkBgzT7Ykc5YXUT46F0iKu8SGXq0bcwP5dz/h0Plj6enJqjz1Zbq2l5WaqYnrVbwWOWMyF3F47g==",
      "dev": true
    },
    "source-map-support": {
      "version": "0.5.19",
      "resolved": "https://registry.npmjs.org/source-map-support/-/source-map-support-0.5.19.tgz",
      "integrity": "sha512-Wonm7zOCIJzBGQdB+thsPar0kYuCIzYvxZwlBa87yi/Mdjv7Tip2cyVbLj5o0cFPN4EVkuTwb3GDDyUx2DGnGw==",
      "dev": true,
      "requires": {
        "buffer-from": "^1.0.0",
        "source-map": "^0.6.0"
      }
    },
    "ts-node": {
      "version": "9.1.1",
      "resolved": "https://registry.npmjs.org/ts-node/-/ts-node-9.1.1.tgz",
      "integrity": "sha512-hPlt7ZACERQGf03M253ytLY3dHbGNGrAq9qIHWUY9XHYl1z7wYngSr3OQ5xmui8o2AaxsONxIzjafLUiWBo1Fg==",
      "dev": true,
      "requires": {
        "arg": "^4.1.0",
        "create-require": "^1.1.0",
        "diff": "^4.0.1",
        "make-error": "^1.1.1",
        "source-map-support": "^0.5.17",
        "yn": "3.1.1"
      }
    },
    "typescript": {
      "version": "4.1.3",
      "resolved": "https://registry.npm.taobao.org/typescript/download/typescript-4.1.3.tgz?cache=0&sync_timestamp=1609139334243&other_urls=https%3A%2F%2Fregistry.npm.taobao.org%2Ftypescript%2Fdownload%2Ftypescript-4.1.3.tgz",
      "integrity": "sha1-UZ1YK9lMugz4k0x9joRn5HP1O7c=",
      "dev": true
    },
    "wrappy": {
      "version": "1.0.2",
      "resolved": "https://registry.npm.taobao.org/wrappy/download/wrappy-1.0.2.tgz",
      "integrity": "sha1-tSQ9jz7BqjXxNkYFvA0QNuMKtp8="
    },
    "yn": {
      "version": "3.1.1",
      "resolved": "https://registry.npmjs.org/yn/-/yn-3.1.1.tgz",
      "integrity": "sha512-Ux4ygGWsu2c7isFWe8Yu1YluJmqVhxqK2cLXNQA5AcC3QfbGNpM7fu0Y8b/z16pXLnFxZYvWhd3fhBY9DLmC6Q==",
      "dev": true
    }
  }
}
